
Microsoft Visual Studio Solution File, Format Version 12.00
Project("{FAE04EC0-301F-11D3-BF4B-00C04F79EFBC}") = "SilkGLApp1", "SilkGLApp1\SilkGLApp1.csproj", "{A3B7CD90-4CEA-4AFF-9C3B-3F62E792A20D}"
EndProject
Project("{2150E333-8FDC-42A3-9474-1A3956D46DE8}") = "Solution Items", "Solution Items", "{A9678443-33EA-4161-86C3-BFEA91EF82C1}"
	ProjectSection(SolutionItems) = preProject
		compose.yaml = compose.yaml
	EndProjectSection
EndProject
Global
	GlobalSection(SolutionConfigurationPlatforms) = preSolution
		Debug|Any CPU = Debug|Any CPU
		Release|Any CPU = Release|Any CPU
	EndGlobalSection
	GlobalSection(ProjectConfigurationPlatforms) = postSolution
		{A3B7CD90-4CEA-4AFF-9C3B-3F62E792A20D}.Debug|Any CPU.ActiveCfg = Debug|Any CPU
		{A3B7CD90-4CEA-4AFF-9C3B-3F62E792A20D}.Debug|Any CPU.Build.0 = Debug|Any CPU
		{A3B7CD90-4CEA-4AFF-9C3B-3F62E792A20D}.Release|Any CPU.ActiveCfg = Release|Any CPU
		{A3B7CD90-4CEA-4AFF-9C3B-3F62E792A20D}.Release|Any CPU.Build.0 = Release|Any CPU
	EndGlobalSection
EndGlobal
